// !$*UTF8*$!
{
	archiveVersion = 1;
	classes = {
	};
	objectVersion = 46;
	objects = {

/* Begin PBXBuildFile section */
		247EBBFB1BF1D769002B9608 /* main.m in Sources */ = {isa = PBXBuildFile; fileRef = 247EBBFA1BF1D769002B9608 /* main.m */; };
		247EBBFE1BF1D769002B9608 /* AppDelegate.m in Sources */ = {isa = PBXBuildFile; fileRef = 247EBBFD1BF1D769002B9608 /* AppDelegate.m */; };
		247EBC011BF1D769002B9608 /* ViewController.m in Sources */ = {isa = PBXBuildFile; fileRef = 247EBC001BF1D769002B9608 /* ViewController.m */; };
		247EBC041BF1D769002B9608 /* Main.storyboard in Resources */ = {isa = PBXBuildFile; fileRef = 247EBC021BF1D769002B9608 /* Main.storyboard */; };
		247EBC061BF1D769002B9608 /* Assets.xcassets in Resources */ = {isa = PBXBuildFile; fileRef = 247EBC051BF1D769002B9608 /* Assets.xcassets */; };
		247EBC091BF1D769002B9608 /* LaunchScreen.storyboard in Resources */ = {isa = PBXBuildFile; fileRef = 247EBC071BF1D769002B9608 /* LaunchScreen.storyboard */; };
		24ED9CCC1BF31DEB0093BA34 /* test.m in Sources */ = {isa = PBXBuildFile; fileRef = 24ED9CCB1BF31DEB0093BA34 /* test.m */; settings = {ASSET_TAGS = (); }; };
		24ED9D041BF328D60093BA34 /* libTSZTools.a in Frameworks */ = {isa = PBXBuildFile; fileRef = 24ED9D031BF328D60093BA34 /* libTSZTools.a */; settings = {ASSET_TAGS = (); }; };
/* End PBXBuildFile section */

/* Begin PBXFileReference section */
		247EBBF61BF1D769002B9608 /* StatusLibrary.app */ = {isa = PBXFileReference; explicitFileType = wrapper.application; includeInIndex = 0; path = StatusLibrary.app; sourceTree = BUILT_PRODUCTS_DIR; };
		247EBBFA1BF1D769002B9608 /* main.m */ = {isa = PBXFileReference; lastKnownFileType = sourcecode.c.objc; path = main.m; sourceTree = "<group>"; };
		247EBBFC1BF1D769002B9608 /* AppDelegate.h */ = {isa = PBXFileReference; lastKnownFileType = sourcecode.c.h; path = AppDelegate.h; sourceTree = "<group>"; };
		247EBBFD1BF1D769002B9608 /* AppDelegate.m */ = {isa = PBXFileReference; lastKnownFileType = sourcecode.c.objc; path = AppDelegate.m; sourceTree = "<group>"; };
		247EBBFF1BF1D769002B9608 /* ViewController.h */ = {isa = PBXFileReference; lastKnownFileType = sourcecode.c.h; path = ViewController.h; sourceTree = "<group>"; };
		247EBC001BF1D769002B9608 /* ViewController.m */ = {isa = PBXFileReference; lastKnownFileType = sourcecode.c.objc; path = ViewController.m; sourceTree = "<group>"; };
		247EBC031BF1D769002B9608 /* Base */ = {isa = PBXFileReference; lastKnownFileType = file.storyboard; name = Base; path = Base.lproj/Main.storyboard; sourceTree = "<group>"; };
		247EBC051BF1D769002B9608 /* Assets.xcassets */ = {isa = PBXFileReference; lastKnownFileType = folder.assetcatalog; path = Assets.xcassets; sourceTree = "<group>"; };
		247EBC081BF1D769002B9608 /* Base */ = {isa = PBXFileReference; lastKnownFileType = file.storyboard; name = Base; path = Base.lproj/LaunchScreen.storyboard; sourceTree = "<group>"; };
		247EBC0A1BF1D769002B9608 /* Info.plist */ = {isa = PBXFileReference; lastKnownFileType = text.plist.xml; path = Info.plist; sourceTree = "<group>"; };
		24ED9CCA1BF31DEB0093BA34 /* test.h */ = {isa = PBXFileReference; fileEncoding = 4; lastKnownFileType = sourcecode.c.h; path = test.h; sourceTree = "<group>"; };
		24ED9CCB1BF31DEB0093BA34 /* test.m */ = {isa = PBXFileReference; fileEncoding = 4; lastKnownFileType = sourcecode.c.objc; path = test.m; sourceTree = "<group>"; };
		24ED9D011BF328D60093BA34 /* TSZTest.h */ = {isa = PBXFileReference; fileEncoding = 4; lastKnownFileType = sourcecode.c.h; path = TSZTest.h; sourceTree = "<group>"; };
		24ED9D021BF328D60093BA34 /* TSZTools.h */ = {isa = PBXFileReference; fileEncoding = 4; lastKnownFileType = sourcecode.c.h; path = TSZTools.h; sourceTree = "<group>"; };
		24ED9D031BF328D60093BA34 /* libTSZTools.a */ = {isa = PBXFileReference; lastKnownFileType = archive.ar; path = libTSZTools.a; sourceTree = "<group>"; };
/* End PBXFileReference section */

/* Begin PBXFrameworksBuildPhase section */
		247EBBF31BF1D769002B9608 /* Frameworks */ = {
			isa = PBXFrameworksBuildPhase;
			buildActionMask = 2147483647;
			files = (
				24ED9D041BF328D60093BA34 /* libTSZTools.a in Frameworks */,
			);
			runOnlyForDeploymentPostprocessing = 0;
		};
/* End PBXFrameworksBuildPhase section */

/* Begin PBXGroup section */
		247EBBED1BF1D769002B9608 = {
			isa = PBXGroup;
			children = (
				247EBBF81BF1D769002B9608 /* StatusLibrary */,
				247EBBF71BF1D769002B9608 /* Products */,
			);
			sourceTree = "<group>";
		};
		247EBBF71BF1D769002B9608 /* Products */ = {
			isa = PBXGroup;
			children = (
				247EBBF61BF1D769002B9608 /* StatusLibrary.app */,
			);
			name = Products;
			sourceTree = "<group>";
		};
		247EBBF81BF1D769002B9608 /* StatusLibrary */ = {
			isa = PBXGroup;
			children = (
				24ED9CFF1BF328D60093BA34 /* include */,
				24ED9D031BF328D60093BA34 /* libTSZTools.a */,
				24ED9CC91BF31DBE0093BA34 /* TSZLibrary */,
				247EBBFC1BF1D769002B9608 /* AppDelegate.h */,
				247EBBFD1BF1D769002B9608 /* AppDelegate.m */,
				247EBBFF1BF1D769002B9608 /* ViewController.h */,
				247EBC001BF1D769002B9608 /* ViewController.m */,
				247EBC021BF1D769002B9608 /* Main.storyboard */,
				247EBC051BF1D769002B9608 /* Assets.xcassets */,
				247EBC071BF1D769002B9608 /* LaunchScreen.storyboard */,
				247EBC0A1BF1D769002B9608 /* Info.plist */,
				247EBBF91BF1D769002B9608 /* Supporting Files */,
			);
			path = StatusLibrary;
			sourceTree = "<group>";
		};
		247EBBF91BF1D769002B9608 /* Supporting Files */ = {
			isa = PBXGroup;
			children = (
				247EBBFA1BF1D769002B9608 /* main.m */,
			);
			name = "Supporting Files";
			sourceTree = "<group>";
		};
		24ED9CC91BF31DBE0093BA34 /* TSZLibrary */ = {
			isa = PBXGroup;
			children = (
				24ED9CCA1BF31DEB0093BA34 /* test.h */,
				24ED9CCB1BF31DEB0093BA34 /* test.m */,
			);
			name = TSZLibrary;
			sourceTree = "<group>";
		};
		24ED9CFF1BF328D60093BA34 /* include */ = {
			isa = PBXGroup;
			children = (
				24ED9D001BF328D60093BA34 /* TSZTools */,
			);
			path = include;
			sourceTree = "<group>";
		};
		24ED9D001BF328D60093BA34 /* TSZTools */ = {
			isa = PBXGroup;
			children = (
				24ED9D011BF328D60093BA34 /* TSZTest.h */,
				24ED9D021BF328D60093BA34 /* TSZTools.h */,
			);
			path = TSZTools;
			sourceTree = "<group>";
		};
/* End PBXGroup section */

/* Begin PBXNativeTarget section */
		247EBBF51BF1D769002B9608 /* StatusLibrary */ = {
			isa = PBXNativeTarget;
			buildConfigurationList = 247EBC0D1BF1D769002B9608 /* Build configuration list for PBXNativeTarget "StatusLibrary" */;
			buildPhases = (
				247EBBF21BF1D769002B9608 /* Sources */,
				247EBBF31BF1D769002B9608 /* Frameworks */,
				247EBBF41BF1D769002B9608 /* Resources */,
			);
			buildRules = (
			);
			dependencies = (
			);
			name = StatusLibrary;
			productName = StatusLibrary;
			productReference = 247EBBF61BF1D769002B9608 /* StatusLibrary.app */;
			productType = "com.apple.product-type.application";
		};
/* End PBXNativeTarget section */

/* Begin PBXProject section */
		247EBBEE1BF1D769002B9608 /* Project object */ = {
			isa = PBXProject;
			attributes = {
				LastUpgradeCheck = 0700;
				ORGANIZATIONNAME = Tsz;
				TargetAttributes = {
					247EBBF51BF1D769002B9608 = {
						CreatedOnToolsVersion = 7.0;
					};
				};
			};
			buildConfigurationList = 247EBBF11BF1D769002B9608 /* Build configuration list for PBXProject "StatusLibrary" */;
			compatibilityVersion = "Xcode 3.2";
			developmentRegion = English;
			hasScannedForEncodings = 0;
			knownRegions = (
				en,
				Base,
			);
			mainGroup = 247EBBED1BF1D769002B9608;
			productRefGroup = 247EBBF71BF1D769002B9608 /* Products */;
			projectDirPath = "";
			projectRoot = "";
			targets = (
				247EBBF51BF1D769002B9608 /* StatusLibrary */,
			);
		};
/* End PBXProject section */

/* Begin PBXResourcesBuildPhase section */
		247EBBF41BF1D769002B9608 /* Resources */ = {
			isa = PBXResourcesBuildPhase;
			buildActionMask = 2147483647;
			files = (
				247EBC091BF1D769002B9608 /* LaunchScreen.storyboard in Resources */,
				247EBC061BF1D769002B9608 /* Assets.xcassets in Resources */,
				247EBC041BF1D769002B9608 /* Main.storyboard in Resources */,
			);
			runOnlyForDeploymentPostprocessing = 0;
		};
/* End PBXResourcesBuildPhase section */

/* Begin PBXSourcesBuildPhase section */
		247EBBF21BF1D769002B9608 /* Sources */ = {
			isa = PBXSourcesBuildPhase;
			buildActionMask = 2147483647;
			files = (
				247EBC011BF1D769002B9608 /* ViewController.m in Sources */,
				247EBBFE1BF1D769002B9608 /* AppDelegate.m in Sources */,
				247EBBFB1BF1D769002B9608 /* main.m in Sources */,
				24ED9CCC1BF31DEB0093BA34 /* test.m in Sources */,
			);
			runOnlyForDeploymentPostprocessing = 0;
		};
/* End PBXSourcesBuildPhase section */

/* Begin PBXVariantGroup section */
		247EBC021BF1D769002B9608 /* Main.storyboard */ = {
			isa = PBXVariantGroup;
			children = (
				247EBC031BF1D769002B9608 /* Base */,
			);
			name = Main.storyboard;
			sourceTree = "<group>";
		};
		247EBC071BF1D769002B9608 /* LaunchScreen.storyboard */ = {
			isa = PBXVariantGroup;
			children = (
				247EBC081BF1D769002B9608 /* Base */,
			);
			name = LaunchScreen.storyboard;
			sourceTree = "<group>";
		};
/* End PBXVariantGroup section */

/* Begin XCBuildConfiguration section */
		247EBC0B1BF1D769002B9608 /* Debug */ = {
			isa = XCBuildConfiguration;
			buildSettings = {
				ALWAYS_SEARCH_USER_PATHS = NO;
				CLANG_CXX_LANGUAGE_STANDARD = "gnu++0x";
				CLANG_CXX_LIBRARY = "libc++";
				CLANG_ENABLE_MODULES = YES;
				CLANG_ENABLE_OBJC_ARC = YES;
				CLANG_WARN_BOOL_CONVERSION = YES;
				CLANG_WARN_CONSTANT_CONVERSION = YES;
				CLANG_WARN_DIRECT_OBJC_ISA_USAGE = YES_ERROR;
				CLANG_WARN_EMPTY_BODY = YES;
				CLANG_WARN_ENUM_CONVERSION = YES;
				CLANG_WARN_INT_CONVERSION = YES;
				CLANG_WARN_OBJC_ROOT_CLASS = YES_ERROR;
				CLANG_WARN_UNREACHABLE_CODE = YES;
				CLANG_WARN__DUPLICATE_METHOD_MATCH = YES;
				"CODE_SIGN_IDENTITY[sdk=iphoneos*]" = "iPhone Developer";
				COPY_PHASE_STRIP = NO;
				DEBUG_INFORMATION_FORMAT = dwarf;
				ENABLE_STRICT_OBJC_MSGSEND = YES;
				ENABLE_TESTABILITY = YES;
				GCC_C_LANGUAGE_STANDARD = gnu99;
				GCC_DYNAMIC_NO_PIC = NO;
				GCC_NO_COMMON_BLOCKS = YES;
				GCC_OPTIMIZATION_LEVEL = 0;
				GCC_PREPROCESSOR_DEFINITIONS = (
					"DEBUG=1",
					"$(inherited)",
				);
				GCC_WARN_64_TO_32_BIT_CONVERSION = YES;
				GCC_WARN_ABOUT_RETURN_TYPE = YES_ERROR;
				GCC_WARN_UNDECLARED_SELECTOR = YES;
				GCC_WARN_UNINITIALIZED_AUTOS = YES_AGGRESSIVE;
				GCC_WARN_UNUSED_FUNCTION = YES;
				GCC_WARN_UNUSED_VARIABLE = YES;
				IPHONEOS_DEPLOYMENT_TARGET = 9.0;
				MTL_ENABLE_DEBUG_INFO = YES;
				ONLY_ACTIVE_ARCH = YES;
				SDKROOT = iphoneos;
				TARGETED_DEVICE_FAMILY = "1,2";
			};
			name = Debug;
		};
		247EBC0C1BF1D769002B9608 /* Release */ = {
			isa = XCBuildConfiguration;
			buildSettings = {
				ALWAYS_SEARCH_USER_PATHS = NO;
				CLANG_CXX_LANGUAGE_STANDARD = "gnu++0x";
				CLANG_CXX_LIBRARY = "libc++";
				CLANG_ENABLE_MODULES = YES;
				CLANG_ENABLE_OBJC_ARC = YES;
				CLANG_WARN_BOOL_CONVERSION = YES;
				CLANG_WARN_CONSTANT_CONVERSION = YES;
				CLANG_WARN_DIRECT_OBJC_ISA_USAGE = YES_ERROR;
				CLANG_WARN_EMPTY_BODY = YES;
				CLANG_WARN_ENUM_CONVERSION = YES;
				CLANG_WARN_INT_CONVERSION = YES;
				CLANG_WARN_OBJC_ROOT_CLASS = YES_ERROR;
				CLANG_WARN_UNREACHABLE_CODE = YES;
				CLANG_WARN__DUPLICATE_METHOD_MATCH = YES;
				"CODE_SIGN_IDENTITY[sdk=iphoneos*]" = "iPhone Developer";
				COPY_PHASE_STRIP = NO;
				DEBUG_INFORMATION_FORMAT = "dwarf-with-dsym";
				ENABLE_NS_ASSERTIONS = NO;
				ENABLE_STRICT_OBJC_MSGSEND = YES;
				GCC_C_LANGUAGE_STANDARD = gnu99;
				GCC_NO_COMMON_BLOCKS = YES;
				GCC_WARN_64_TO_32_BIT_CONVERSION = YES;
				GCC_WARN_ABOUT_RETURN_TYPE = YES_ERROR;
				GCC_WARN_UNDECLARED_SELECTOR = YES;
				GCC_WARN_UNINITIALIZED_AUTOS = YES_AGGRESSIVE;
				GCC_WARN_UNUSED_FUNCTION = YES;
				GCC_WARN_UNUSED_VARIABLE = YES;
				IPHONEOS_DEPLOYMENT_TARGET = 9.0;
				MTL_ENABLE_DEBUG_INFO = NO;
				SDKROOT = iphoneos;
				TARGETED_DEVICE_FAMILY = "1,2";
				VALIDATE_PRODUCT = YES;
			};
			name = Release;
		};
		247EBC0E1BF1D769002B9608 /* Debug */ = {
			isa = XCBuildConfiguration;
			buildSettings = {
				ASSETCATALOG_COMPILER_APPICON_NAME = AppIcon;
				INFOPLIST_FILE = StatusLibrary/Info.plist;
				LD_RUNPATH_SEARCH_PATHS = "$(inherited) @executable_path/Frameworks";
				LIBRARY_SEARCH_PATHS = (
					"$(inherited)",
					"$(PROJECT_DIR)/StatusLibrary",
					"$(PROJECT_DIR)",
				);
				PRODUCT_BUNDLE_IDENTIFIER = tsz.StatusLibrary;
				PRODUCT_NAME = "$(TARGET_NAME)";
			};
			name = Debug;
		};
		247EBC0F1BF1D769002B9608 /* Release */ = {
			isa = XCBuildConfiguration;
			buildSettings = {
				ASSETCATALOG_COMPILER_APPICON_NAME = AppIcon;
				INFOPLIST_FILE = StatusLibrary/Info.plist;
				LD_RUNPATH_SEARCH_PATHS = "$(inherited) @executable_path/Frameworks";
				LIBRARY_SEARCH_PATHS = (
					"$(inherited)",
					"$(PROJECT_DIR)/StatusLibrary",
					"$(PROJECT_DIR)",
				);
				PRODUCT_BUNDLE_IDENTIFIER = tsz.StatusLibrary;
				PRODUCT_NAME = "$(TARGET_NAME)";
			};
			name = Release;
		};
/* End XCBuildConfiguration section */

/* Begin XCConfigurationList section */
		247EBBF11BF1D769002B9608 /* Build configuration list for PBXProject "StatusLibrary" */ = {
			isa = XCConfigurationList;
			buildConfigurations = (
				247EBC0B1BF1D769002B9608 /* Debug */,
				247EBC0C1BF1D769002B9608 /* Release */,
			);
			defaultConfigurationIsVisible = 0;
			defaultConfigurationName = Release;
		};
		247EBC0D1BF1D769002B9608 /* Build configuration list for PBXNativeTarget "StatusLibrary" */ = {
			isa = XCConfigurationList;
			buildConfigurations = (
				247EBC0E1BF1D769002B9608 /* Debug */,
				247EBC0F1BF1D769002B9608 /* Release */,
			);
			defaultConfigurationIsVisible = 0;
			defaultConfigurationName = Release;
		};
/* End XCConfigurationList section */
	};
	rootObject = 247EBBEE1BF1D769002B9608 /* Project object */;
}
